
Microsoft Visual Studio Solution File, Format Version 12.00
# Visual Studio 14
VisualStudioVersion = 14.0.25123.0
MinimumVisualStudioVersion = 10.0.40219.1
Project("{FAE04EC0-301F-11D3-BF4B-00C04F79EFBC}") = "TimeToTextLib", "TimeToTextLib.csproj", "{539FF51B-1674-4849-85F2-59C752497BFF}"
EndProject
Project("{FAE04EC0-301F-11D3-BF4B-00C04F79EFBC}") = "DebugApp", "..\DebugApp\DebugApp.csproj", "{0F2D1291-FA34-4292-8C93-B96E27B7FEC3}"
EndProject
Global
	GlobalSection(SolutionConfigurationPlatforms) = preSolution
		Debug|Any CPU = Debug|Any CPU
		Release|Any CPU = Release|Any CPU
	EndGlobalSection
	GlobalSection(ProjectConfigurationPlatforms) = postSolution
		{539FF51B-1674-4849-85F2-59C752497BFF}.Debug|Any CPU.ActiveCfg = Debug|Any CPU
		{539FF51B-1674-4849-85F2-59C752497BFF}.Debug|Any CPU.Build.0 = Debug|Any CPU
		{539FF51B-1674-4849-85F2-59C752497BFF}.Release|Any CPU.ActiveCfg = Release|Any CPU
		{539FF51B-1674-4849-85F2-59C752497BFF}.Release|Any CPU.Build.0 = Release|Any CPU
		{0F2D1291-FA34-4292-8C93-B96E27B7FEC3}.Debug|Any CPU.ActiveCfg = Debug|Any CPU
		{0F2D1291-FA34-4292-8C93-B96E27B7FEC3}.Debug|Any CPU.Build.0 = Debug|Any CPU
		{0F2D1291-FA34-4292-8C93-B96E27B7FEC3}.Release|Any CPU.ActiveCfg = Release|Any CPU
		{0F2D1291-FA34-4292-8C93-B96E27B7FEC3}.Release|Any CPU.Build.0 = Release|Any CPU
	EndGlobalSection
	GlobalSection(SolutionProperties) = preSolution
		HideSolutionNode = FALSE
	EndGlobalSection
EndGlobal
